{
  "name": "ip-core",
  "lockfileVersion": 3,
  "requires": true,
  "packages": {
    "": {
      "dependencies": {
        "ip-core-wasm": "file:../ip-core-wasm"
      }
    },
    "../ip-core-wasm": {
      "devDependencies": {
        "assemblyscript": "^0.0.0"
      }
    },
    "node_modules/ip-core-wasm": {
      "resolved": "../ip-core-wasm",
      "link": true
    }
  }
}
